<?xml version="1.0" encoding="utf-8"?>
<Project ToolsVersion="4.0" xmlns="http://schemas.microsoft.com/developer/msbuild/2003">
  <ItemGroup>
    <ClCompile Include="Frameworks\Main.cpp" />
    <ClCompile Include="Frameworks\Utilities\Console.cpp">
      <Filter>Utilities</Filter>
    </ClCompile>
    <ClCompile Include="Frameworks\Scenes\Scene.cpp">
      <Filter>Scenes</Filter>
    </ClCompile>
    <ClCompile Include="Frameworks\Scenes\SceneManager.cpp">
      <Filter>Scenes</Filter>
    </ClCompile>
    <ClCompile Include="Frameworks\Utilities\Menu.cpp">
      <Filter>Utilities</Filter>
    </ClCompile>
    <ClCompile Include="Frameworks\Scenes\MainScene.cpp">
      <Filter>Scenes</Filter>
    </ClCompile>
    <ClCompile Include="Frameworks\Utilities\MenuManager.cpp">
      <Filter>Utilities</Filter>
    </ClCompile>
  </ItemGroup>
  <ItemGroup>
    <Filter Include="Utilities">
      <UniqueIdentifier>{2765059b-44e8-44ca-9493-7f6c10e0c060}</UniqueIdentifier>
    </Filter>
    <Filter Include="Scenes">
      <UniqueIdentifier>{84c89022-b4f6-4564-8de5-5e85fb06a716}</UniqueIdentifier>
    </Filter>
    <Filter Include="Core">
      <UniqueIdentifier>{f3000ca4-e2e4-4af1-bd52-ebbaf4128fd8}</UniqueIdentifier>
    </Filter>
  </ItemGroup>
  <ItemGroup>
    <ClInclude Include="Frameworks\Utilities\Console.h">
      <Filter>Utilities</Filter>
    </ClInclude>
    <ClInclude Include="Frameworks\Scenes\Scene.h">
      <Filter>Scenes</Filter>
    </ClInclude>
    <ClInclude Include="Frameworks\Scenes\SceneManager.h">
      <Filter>Scenes</Filter>
    </ClInclude>
    <ClInclude Include="Frameworks\Utilities\Singleton.h">
      <Filter>Utilities</Filter>
    </ClInclude>
    <ClInclude Include="Frameworks\Utilities\Menu.h">
      <Filter>Utilities</Filter>
    </ClInclude>
    <ClInclude Include="Frameworks\Scenes\MainScene.h">
      <Filter>Scenes</Filter>
    </ClInclude>
    <ClInclude Include="Frameworks\Utilities\MenuManager.h">
      <Filter>Utilities</Filter>
    </ClInclude>
  </ItemGroup>
</Project>